
Microsoft Visual Studio Solution File, Format Version 12.00
# Visual Studio 15
VisualStudioVersion = 15.0.27004.2005
MinimumVisualStudioVersion = 10.0.40219.1
Project("{8BC9CEB8-8B4A-11D0-8D11-00A0C91BC942}") = "SelectionSort", "SelectionSort\SelectionSort.vcxproj", "{8CD12A89-E734-431B-919A-59D09B32D264}"
EndProject
Global
	GlobalSection(SolutionConfigurationPlatforms) = preSolution
		Debug|x64 = Debug|x64
		Debug|x86 = Debug|x86
		Release|x64 = Release|x64
		Release|x86 = Release|x86
	EndGlobalSection
	GlobalSection(ProjectConfigurationPlatforms) = postSolution
		{8CD12A89-E734-431B-919A-59D09B32D264}.Debug|x64.ActiveCfg = Debug|x64
		{8CD12A89-E734-431B-919A-59D09B32D264}.Debug|x64.Build.0 = Debug|x64
		{8CD12A89-E734-431B-919A-59D09B32D264}.Debug|x86.ActiveCfg = Debug|Win32
		{8CD12A89-E734-431B-919A-59D09B32D264}.Debug|x86.Build.0 = Debug|Win32
		{8CD12A89-E734-431B-919A-59D09B32D264}.Release|x64.ActiveCfg = Release|x64
		{8CD12A89-E734-431B-919A-59D09B32D264}.Release|x64.Build.0 = Release|x64
		{8CD12A89-E734-431B-919A-59D09B32D264}.Release|x86.ActiveCfg = Release|Win32
		{8CD12A89-E734-431B-919A-59D09B32D264}.Release|x86.Build.0 = Release|Win32
	EndGlobalSection
	GlobalSection(SolutionProperties) = preSolution
		HideSolutionNode = FALSE
	EndGlobalSection
	GlobalSection(ExtensibilityGlobals) = postSolution
		SolutionGuid = {E0E80DDF-5229-46D5-8812-652FAEE25C8B}
	EndGlobalSection
EndGlobal
